
Microsoft Visual Studio Solution File, Format Version 12.00
# Visual Studio Version 17
VisualStudioVersion = 17.3.32929.385
MinimumVisualStudioVersion = 10.0.40219.1
Project("{FAE04EC0-301F-11D3-BF4B-00C04F79EFBC}") = "Binary Convertor", "Binary Convertor\Binary Convertor.csproj", "{C8576248-4E43-4BE8-BC75-F9B335EC71E7}"
EndProject
Global
	GlobalSection(SolutionConfigurationPlatforms) = preSolution
		Debug|Any CPU = Debug|Any CPU
		Release|Any CPU = Release|Any CPU
	EndGlobalSection
	GlobalSection(ProjectConfigurationPlatforms) = postSolution
		{C8576248-4E43-4BE8-BC75-F9B335EC71E7}.Debug|Any CPU.ActiveCfg = Debug|Any CPU
		{C8576248-4E43-4BE8-BC75-F9B335EC71E7}.Debug|Any CPU.Build.0 = Debug|Any CPU
		{C8576248-4E43-4BE8-BC75-F9B335EC71E7}.Release|Any CPU.ActiveCfg = Release|Any CPU
		{C8576248-4E43-4BE8-BC75-F9B335EC71E7}.Release|Any CPU.Build.0 = Release|Any CPU
	EndGlobalSection
	GlobalSection(SolutionProperties) = preSolution
		HideSolutionNode = FALSE
	EndGlobalSection
	GlobalSection(ExtensibilityGlobals) = postSolution
		SolutionGuid = {0F9833BF-F4F8-4D4C-938E-A019666897C9}
	EndGlobalSection
EndGlobal
